// !$*UTF8*$!
{
	archiveVersion = 1;
	classes = {
	};
	objectVersion = 50;
	objects = {

/* Begin PBXBuildFile section */
		26BB70292370FC9B0046E945 /* AppDelegate.swift in Sources */ = {isa = PBXBuildFile; fileRef = 26BB70282370FC9B0046E945 /* AppDelegate.swift */; };
		26BB702B2370FC9B0046E945 /* SceneDelegate.swift in Sources */ = {isa = PBXBuildFile; fileRef = 26BB702A2370FC9B0046E945 /* SceneDelegate.swift */; };
		26BB702D2370FC9B0046E945 /* ViewController.swift in Sources */ = {isa = PBXBuildFile; fileRef = 26BB702C2370FC9B0046E945 /* ViewController.swift */; };
		26BB70302370FC9B0046E945 /* Main.storyboard in Resources */ = {isa = PBXBuildFile; fileRef = 26BB702E2370FC9B0046E945 /* Main.storyboard */; };
		26BB70322370FC9E0046E945 /* Assets.xcassets in Resources */ = {isa = PBXBuildFile; fileRef = 26BB70312370FC9E0046E945 /* Assets.xcassets */; };
		26BB70352370FC9E0046E945 /* LaunchScreen.storyboard in Resources */ = {isa = PBXBuildFile; fileRef = 26BB70332370FC9E0046E945 /* LaunchScreen.storyboard */; };
		26BB703A2370FC9E0046E945 /* CoinFlip WatchKit App.app in Embed Watch Content */ = {isa = PBXBuildFile; fileRef = 26BB70392370FC9E0046E945 /* CoinFlip WatchKit App.app */; settings = {ATTRIBUTES = (RemoveHeadersOnCopy, ); }; };
		26BB70402370FC9E0046E945 /* Interface.storyboard in Resources */ = {isa = PBXBuildFile; fileRef = 26BB703E2370FC9E0046E945 /* Interface.storyboard */; };
		26BB70422370FC9F0046E945 /* Assets.xcassets in Resources */ = {isa = PBXBuildFile; fileRef = 26BB70412370FC9F0046E945 /* Assets.xcassets */; };
		26BB70492370FC9F0046E945 /* CoinFlip WatchKit Extension.appex in Embed App Extensions */ = {isa = PBXBuildFile; fileRef = 26BB70482370FC9F0046E945 /* CoinFlip WatchKit Extension.appex */; settings = {ATTRIBUTES = (RemoveHeadersOnCopy, ); }; };
		26BB704E2370FC9F0046E945 /* InterfaceController.swift in Sources */ = {isa = PBXBuildFile; fileRef = 26BB704D2370FC9F0046E945 /* InterfaceController.swift */; };
		26BB70502370FC9F0046E945 /* ExtensionDelegate.swift in Sources */ = {isa = PBXBuildFile; fileRef = 26BB704F2370FC9F0046E945 /* ExtensionDelegate.swift */; };
		26BB70522370FC9F0046E945 /* NotificationController.swift in Sources */ = {isa = PBXBuildFile; fileRef = 26BB70512370FC9F0046E945 /* NotificationController.swift */; };
		26BB70542370FCA00046E945 /* Assets.xcassets in Resources */ = {isa = PBXBuildFile; fileRef = 26BB70532370FCA00046E945 /* Assets.xcassets */; };
/* End PBXBuildFile section */

/* Begin PBXContainerItemProxy section */
		26BB703B2370FC9E0046E945 /* PBXContainerItemProxy */ = {
			isa = PBXContainerItemProxy;
			containerPortal = 26BB701D2370FC9B0046E945 /* Project object */;
			proxyType = 1;
			remoteGlobalIDString = 26BB70382370FC9E0046E945;
			remoteInfo = "CoinFlip WatchKit App";
		};
		26BB704A2370FC9F0046E945 /* PBXContainerItemProxy */ = {
			isa = PBXContainerItemProxy;
			containerPortal = 26BB701D2370FC9B0046E945 /* Project object */;
			proxyType = 1;
			remoteGlobalIDString = 26BB70472370FC9F0046E945;
			remoteInfo = "CoinFlip WatchKit Extension";
		};
/* End PBXContainerItemProxy section */

/* Begin PBXCopyFilesBuildPhase section */
		26BB705C2370FCA00046E945 /* Embed App Extensions */ = {
			isa = PBXCopyFilesBuildPhase;
			buildActionMask = 2147483647;
			dstPath = "";
			dstSubfolderSpec = 13;
			files = (
				26BB70492370FC9F0046E945 /* CoinFlip WatchKit Extension.appex in Embed App Extensions */,
			);
			name = "Embed App Extensions";
			runOnlyForDeploymentPostprocessing = 0;
		};
		26BB70602370FCA00046E945 /* Embed Watch Content */ = {
			isa = PBXCopyFilesBuildPhase;
			buildActionMask = 2147483647;
			dstPath = "$(CONTENTS_FOLDER_PATH)/Watch";
			dstSubfolderSpec = 16;
			files = (
				26BB703A2370FC9E0046E945 /* CoinFlip WatchKit App.app in Embed Watch Content */,
			);
			name = "Embed Watch Content";
			runOnlyForDeploymentPostprocessing = 0;
		};
/* End PBXCopyFilesBuildPhase section */

/* Begin PBXFileReference section */
		26BB70252370FC9B0046E945 /* CoinFlip.app */ = {isa = PBXFileReference; explicitFileType = wrapper.application; includeInIndex = 0; path = CoinFlip.app; sourceTree = BUILT_PRODUCTS_DIR; };
		26BB70282370FC9B0046E945 /* AppDelegate.swift */ = {isa = PBXFileReference; lastKnownFileType = sourcecode.swift; path = AppDelegate.swift; sourceTree = "<group>"; };
		26BB702A2370FC9B0046E945 /* SceneDelegate.swift */ = {isa = PBXFileReference; lastKnownFileType = sourcecode.swift; path = SceneDelegate.swift; sourceTree = "<group>"; };
		26BB702C2370FC9B0046E945 /* ViewController.swift */ = {isa = PBXFileReference; lastKnownFileType = sourcecode.swift; path = ViewController.swift; sourceTree = "<group>"; };
		26BB702F2370FC9B0046E945 /* Base */ = {isa = PBXFileReference; lastKnownFileType = file.storyboard; name = Base; path = Base.lproj/Main.storyboard; sourceTree = "<group>"; };
		26BB70312370FC9E0046E945 /* Assets.xcassets */ = {isa = PBXFileReference; lastKnownFileType = folder.assetcatalog; path = Assets.xcassets; sourceTree = "<group>"; };
		26BB70342370FC9E0046E945 /* Base */ = {isa = PBXFileReference; lastKnownFileType = file.storyboard; name = Base; path = Base.lproj/LaunchScreen.storyboard; sourceTree = "<group>"; };
		26BB70362370FC9E0046E945 /* Info.plist */ = {isa = PBXFileReference; lastKnownFileType = text.plist.xml; path = Info.plist; sourceTree = "<group>"; };
		26BB70392370FC9E0046E945 /* CoinFlip WatchKit App.app */ = {isa = PBXFileReference; explicitFileType = wrapper.application; includeInIndex = 0; path = "CoinFlip WatchKit App.app"; sourceTree = BUILT_PRODUCTS_DIR; };
		26BB703F2370FC9E0046E945 /* Base */ = {isa = PBXFileReference; lastKnownFileType = file.storyboard; name = Base; path = Base.lproj/Interface.storyboard; sourceTree = "<group>"; };
		26BB70412370FC9F0046E945 /* Assets.xcassets */ = {isa = PBXFileReference; lastKnownFileType = folder.assetcatalog; path = Assets.xcassets; sourceTree = "<group>"; };
		26BB70432370FC9F0046E945 /* Info.plist */ = {isa = PBXFileReference; lastKnownFileType = text.plist.xml; path = Info.plist; sourceTree = "<group>"; };
		26BB70482370FC9F0046E945 /* CoinFlip WatchKit Extension.appex */ = {isa = PBXFileReference; explicitFileType = "wrapper.app-extension"; includeInIndex = 0; path = "CoinFlip WatchKit Extension.appex"; sourceTree = BUILT_PRODUCTS_DIR; };
		26BB704D2370FC9F0046E945 /* InterfaceController.swift */ = {isa = PBXFileReference; lastKnownFileType = sourcecode.swift; path = InterfaceController.swift; sourceTree = "<group>"; };
		26BB704F2370FC9F0046E945 /* ExtensionDelegate.swift */ = {isa = PBXFileReference; lastKnownFileType = sourcecode.swift; path = ExtensionDelegate.swift; sourceTree = "<group>"; };
		26BB70512370FC9F0046E945 /* NotificationController.swift */ = {isa = PBXFileReference; lastKnownFileType = sourcecode.swift; path = NotificationController.swift; sourceTree = "<group>"; };
		26BB70532370FCA00046E945 /* Assets.xcassets */ = {isa = PBXFileReference; lastKnownFileType = folder.assetcatalog; path = Assets.xcassets; sourceTree = "<group>"; };
		26BB70552370FCA00046E945 /* Info.plist */ = {isa = PBXFileReference; lastKnownFileType = text.plist.xml; path = Info.plist; sourceTree = "<group>"; };
		26BB70562370FCA00046E945 /* PushNotificationPayload.apns */ = {isa = PBXFileReference; lastKnownFileType = text; path = PushNotificationPayload.apns; sourceTree = "<group>"; };
/* End PBXFileReference section */

/* Begin PBXFrameworksBuildPhase section */
		26BB70222370FC9B0046E945 /* Frameworks */ = {
			isa = PBXFrameworksBuildPhase;
			buildActionMask = 2147483647;
			files = (
			);
			runOnlyForDeploymentPostprocessing = 0;
		};
		26BB70452370FC9F0046E945 /* Frameworks */ = {
			isa = PBXFrameworksBuildPhase;
			buildActionMask = 2147483647;
			files = (
			);
			runOnlyForDeploymentPostprocessing = 0;
		};
/* End PBXFrameworksBuildPhase section */

/* Begin PBXGroup section */
		26BB701C2370FC9B0046E945 = {
			isa = PBXGroup;
			children = (
				26BB70272370FC9B0046E945 /* CoinFlip */,
				26BB703D2370FC9E0046E945 /* CoinFlip WatchKit App */,
				26BB704C2370FC9F0046E945 /* CoinFlip WatchKit Extension */,
				26BB70262370FC9B0046E945 /* Products */,
			);
			sourceTree = "<group>";
		};
		26BB70262370FC9B0046E945 /* Products */ = {
			isa = PBXGroup;
			children = (
				26BB70252370FC9B0046E945 /* CoinFlip.app */,
				26BB70392370FC9E0046E945 /* CoinFlip WatchKit App.app */,
				26BB70482370FC9F0046E945 /* CoinFlip WatchKit Extension.appex */,
			);
			name = Products;
			sourceTree = "<group>";
		};
		26BB70272370FC9B0046E945 /* CoinFlip */ = {
			isa = PBXGroup;
			children = (
				26BB70282370FC9B0046E945 /* AppDelegate.swift */,
				26BB702A2370FC9B0046E945 /* SceneDelegate.swift */,
				26BB702C2370FC9B0046E945 /* ViewController.swift */,
				26BB702E2370FC9B0046E945 /* Main.storyboard */,
				26BB70312370FC9E0046E945 /* Assets.xcassets */,
				26BB70332370FC9E0046E945 /* LaunchScreen.storyboard */,
				26BB70362370FC9E0046E945 /* Info.plist */,
			);
			path = CoinFlip;
			sourceTree = "<group>";
		};
		26BB703D2370FC9E0046E945 /* CoinFlip WatchKit App */ = {
			isa = PBXGroup;
			children = (
				26BB703E2370FC9E0046E945 /* Interface.storyboard */,
				26BB70412370FC9F0046E945 /* Assets.xcassets */,
				26BB70432370FC9F0046E945 /* Info.plist */,
			);
			path = "CoinFlip WatchKit App";
			sourceTree = "<group>";
		};
		26BB704C2370FC9F0046E945 /* CoinFlip WatchKit Extension */ = {
			isa = PBXGroup;
			children = (
				26BB704D2370FC9F0046E945 /* InterfaceController.swift */,
				26BB704F2370FC9F0046E945 /* ExtensionDelegate.swift */,
				26BB70512370FC9F0046E945 /* NotificationController.swift */,
				26BB70532370FCA00046E945 /* Assets.xcassets */,
				26BB70552370FCA00046E945 /* Info.plist */,
				26BB70562370FCA00046E945 /* PushNotificationPayload.apns */,
			);
			path = "CoinFlip WatchKit Extension";
			sourceTree = "<group>";
		};
/* End PBXGroup section */

/* Begin PBXNativeTarget section */
		26BB70242370FC9B0046E945 /* CoinFlip */ = {
			isa = PBXNativeTarget;
			buildConfigurationList = 26BB70612370FCA00046E945 /* Build configuration list for PBXNativeTarget "CoinFlip" */;
			buildPhases = (
				26BB70212370FC9B0046E945 /* Sources */,
				26BB70222370FC9B0046E945 /* Frameworks */,
				26BB70232370FC9B0046E945 /* Resources */,
				26BB70602370FCA00046E945 /* Embed Watch Content */,
			);
			buildRules = (
			);
			dependencies = (
				26BB703C2370FC9E0046E945 /* PBXTargetDependency */,
			);
			name = CoinFlip;
			productName = CoinFlip;
			productReference = 26BB70252370FC9B0046E945 /* CoinFlip.app */;
			productType = "com.apple.product-type.application";
		};
		26BB70382370FC9E0046E945 /* CoinFlip WatchKit App */ = {
			isa = PBXNativeTarget;
			buildConfigurationList = 26BB705D2370FCA00046E945 /* Build configuration list for PBXNativeTarget "CoinFlip WatchKit App" */;
			buildPhases = (
				26BB70372370FC9E0046E945 /* Resources */,
				26BB705C2370FCA00046E945 /* Embed App Extensions */,
			);
			buildRules = (
			);
			dependencies = (
				26BB704B2370FC9F0046E945 /* PBXTargetDependency */,
			);
			name = "CoinFlip WatchKit App";
			productName = "CoinFlip WatchKit App";
			productReference = 26BB70392370FC9E0046E945 /* CoinFlip WatchKit App.app */;
			productType = "com.apple.product-type.application.watchapp2";
		};
		26BB70472370FC9F0046E945 /* CoinFlip WatchKit Extension */ = {
			isa = PBXNativeTarget;
			buildConfigurationList = 26BB70592370FCA00046E945 /* Build configuration list for PBXNativeTarget "CoinFlip WatchKit Extension" */;
			buildPhases = (
				26BB70442370FC9F0046E945 /* Sources */,
				26BB70452370FC9F0046E945 /* Frameworks */,
				26BB70462370FC9F0046E945 /* Resources */,
			);
			buildRules = (
			);
			dependencies = (
			);
			name = "CoinFlip WatchKit Extension";
			productName = "CoinFlip WatchKit Extension";
			productReference = 26BB70482370FC9F0046E945 /* CoinFlip WatchKit Extension.appex */;
			productType = "com.apple.product-type.watchkit2-extension";
		};
/* End PBXNativeTarget section */

/* Begin PBXProject section */
		26BB701D2370FC9B0046E945 /* Project object */ = {
			isa = PBXProject;
			attributes = {
				LastSwiftUpdateCheck = 1110;
				LastUpgradeCheck = 1110;
				ORGANIZATIONNAME = anmol;
				TargetAttributes = {
					26BB70242370FC9B0046E945 = {
						CreatedOnToolsVersion = 11.1;
					};
					26BB70382370FC9E0046E945 = {
						CreatedOnToolsVersion = 11.1;
					};
					26BB70472370FC9F0046E945 = {
						CreatedOnToolsVersion = 11.1;
					};
				};
			};
			buildConfigurationList = 26BB70202370FC9B0046E945 /* Build configuration list for PBXProject "CoinFlip" */;
			compatibilityVersion = "Xcode 9.3";
			developmentRegion = en;
			hasScannedForEncodings = 0;
			knownRegions = (
				en,
				Base,
			);
			mainGroup = 26BB701C2370FC9B0046E945;
			productRefGroup = 26BB70262370FC9B0046E945 /* Products */;
			projectDirPath = "";
			projectRoot = "";
			targets = (
				26BB70242370FC9B0046E945 /* CoinFlip */,
				26BB70382370FC9E0046E945 /* CoinFlip WatchKit App */,
				26BB70472370FC9F0046E945 /* CoinFlip WatchKit Extension */,
			);
		};
/* End PBXProject section */

/* Begin PBXResourcesBuildPhase section */
		26BB70232370FC9B0046E945 /* Resources */ = {
			isa = PBXResourcesBuildPhase;
			buildActionMask = 2147483647;
			files = (
				26BB70352370FC9E0046E945 /* LaunchScreen.storyboard in Resources */,
				26BB70322370FC9E0046E945 /* Assets.xcassets in Resources */,
				26BB70302370FC9B0046E945 /* Main.storyboard in Resources */,
			);
			runOnlyForDeploymentPostprocessing = 0;
		};
		26BB70372370FC9E0046E945 /* Resources */ = {
			isa = PBXResourcesBuildPhase;
			buildActionMask = 2147483647;
			files = (
				26BB70422370FC9F0046E945 /* Assets.xcassets in Resources */,
				26BB70402370FC9E0046E945 /* Interface.storyboard in Resources */,
			);
			runOnlyForDeploymentPostprocessing = 0;
		};
		26BB70462370FC9F0046E945 /* Resources */ = {
			isa = PBXResourcesBuildPhase;
			buildActionMask = 2147483647;
			files = (
				26BB70542370FCA00046E945 /* Assets.xcassets in Resources */,
			);
			runOnlyForDeploymentPostprocessing = 0;
		};
/* End PBXResourcesBuildPhase section */

/* Begin PBXSourcesBuildPhase section */
		26BB70212370FC9B0046E945 /* Sources */ = {
			isa = PBXSourcesBuildPhase;
			buildActionMask = 2147483647;
			files = (
				26BB702D2370FC9B0046E945 /* ViewController.swift in Sources */,
				26BB70292370FC9B0046E945 /* AppDelegate.swift in Sources */,
				26BB702B2370FC9B0046E945 /* SceneDelegate.swift in Sources */,
			);
			runOnlyForDeploymentPostprocessing = 0;
		};
		26BB70442370FC9F0046E945 /* Sources */ = {
			isa = PBXSourcesBuildPhase;
			buildActionMask = 2147483647;
			files = (
				26BB70522370FC9F0046E945 /* NotificationController.swift in Sources */,
				26BB70502370FC9F0046E945 /* ExtensionDelegate.swift in Sources */,
				26BB704E2370FC9F0046E945 /* InterfaceController.swift in Sources */,
			);
			runOnlyForDeploymentPostprocessing = 0;
		};
/* End PBXSourcesBuildPhase section */

/* Begin PBXTargetDependency section */
		26BB703C2370FC9E0046E945 /* PBXTargetDependency */ = {
			isa = PBXTargetDependency;
			target = 26BB70382370FC9E0046E945 /* CoinFlip WatchKit App */;
			targetProxy = 26BB703B2370FC9E0046E945 /* PBXContainerItemProxy */;
		};
		26BB704B2370FC9F0046E945 /* PBXTargetDependency */ = {
			isa = PBXTargetDependency;
			target = 26BB70472370FC9F0046E945 /* CoinFlip WatchKit Extension */;
			targetProxy = 26BB704A2370FC9F0046E945 /* PBXContainerItemProxy */;
		};
/* End PBXTargetDependency section */

/* Begin PBXVariantGroup section */
		26BB702E2370FC9B0046E945 /* Main.storyboard */ = {
			isa = PBXVariantGroup;
			children = (
				26BB702F2370FC9B0046E945 /* Base */,
			);
			name = Main.storyboard;
			sourceTree = "<group>";
		};
		26BB70332370FC9E0046E945 /* LaunchScreen.storyboard */ = {
			isa = PBXVariantGroup;
			children = (
				26BB70342370FC9E0046E945 /* Base */,
			);
			name = LaunchScreen.storyboard;
			sourceTree = "<group>";
		};
		26BB703E2370FC9E0046E945 /* Interface.storyboard */ = {
			isa = PBXVariantGroup;
			children = (
				26BB703F2370FC9E0046E945 /* Base */,
			);
			name = Interface.storyboard;
			sourceTree = "<group>";
		};
/* End PBXVariantGroup section */

/* Begin XCBuildConfiguration section */
		26BB70572370FCA00046E945 /* Debug */ = {
			isa = XCBuildConfiguration;
			buildSettings = {
				ALWAYS_SEARCH_USER_PATHS = NO;
				CLANG_ANALYZER_NONNULL = YES;
				CLANG_ANALYZER_NUMBER_OBJECT_CONVERSION = YES_AGGRESSIVE;
				CLANG_CXX_LANGUAGE_STANDARD = "gnu++14";
				CLANG_CXX_LIBRARY = "libc++";
				CLANG_ENABLE_MODULES = YES;
				CLANG_ENABLE_OBJC_ARC = YES;
				CLANG_ENABLE_OBJC_WEAK = YES;
				CLANG_WARN_BLOCK_CAPTURE_AUTORELEASING = YES;
				CLANG_WARN_BOOL_CONVERSION = YES;
				CLANG_WARN_COMMA = YES;
				CLANG_WARN_CONSTANT_CONVERSION = YES;
				CLANG_WARN_DEPRECATED_OBJC_IMPLEMENTATIONS = YES;
				CLANG_WARN_DIRECT_OBJC_ISA_USAGE = YES_ERROR;
				CLANG_WARN_DOCUMENTATION_COMMENTS = YES;
				CLANG_WARN_EMPTY_BODY = YES;
				CLANG_WARN_ENUM_CONVERSION = YES;
				CLANG_WARN_INFINITE_RECURSION = YES;
				CLANG_WARN_INT_CONVERSION = YES;
				CLANG_WARN_NON_LITERAL_NULL_CONVERSION = YES;
				CLANG_WARN_OBJC_IMPLICIT_RETAIN_SELF = YES;
				CLANG_WARN_OBJC_LITERAL_CONVERSION = YES;
				CLANG_WARN_OBJC_ROOT_CLASS = YES_ERROR;
				CLANG_WARN_RANGE_LOOP_ANALYSIS = YES;
				CLANG_WARN_STRICT_PROTOTYPES = YES;
				CLANG_WARN_SUSPICIOUS_MOVE = YES;
				CLANG_WARN_UNGUARDED_AVAILABILITY = YES_AGGRESSIVE;
				CLANG_WARN_UNREACHABLE_CODE = YES;
				CLANG_WARN__DUPLICATE_METHOD_MATCH = YES;
				COPY_PHASE_STRIP = NO;
				DEBUG_INFORMATION_FORMAT = dwarf;
				ENABLE_STRICT_OBJC_MSGSEND = YES;
				ENABLE_TESTABILITY = YES;
				GCC_C_LANGUAGE_STANDARD = gnu11;
				GCC_DYNAMIC_NO_PIC = NO;
				GCC_NO_COMMON_BLOCKS = YES;
				GCC_OPTIMIZATION_LEVEL = 0;
				GCC_PREPROCESSOR_DEFINITIONS = (
					"DEBUG=1",
					"$(inherited)",
				);
				GCC_WARN_64_TO_32_BIT_CONVERSION = YES;
				GCC_WARN_ABOUT_RETURN_TYPE = YES_ERROR;
				GCC_WARN_UNDECLARED_SELECTOR = YES;
				GCC_WARN_UNINITIALIZED_AUTOS = YES_AGGRESSIVE;
				GCC_WARN_UNUSED_FUNCTION = YES;
				GCC_WARN_UNUSED_VARIABLE = YES;
				IPHONEOS_DEPLOYMENT_TARGET = 13.1;
				MTL_ENABLE_DEBUG_INFO = INCLUDE_SOURCE;
				MTL_FAST_MATH = YES;
				ONLY_ACTIVE_ARCH = YES;
				SDKROOT = iphoneos;
				SWIFT_ACTIVE_COMPILATION_CONDITIONS = DEBUG;
				SWIFT_OPTIMIZATION_LEVEL = "-Onone";
			};
			name = Debug;
		};
		26BB70582370FCA00046E945 /* Release */ = {
			isa = XCBuildConfiguration;
			buildSettings = {
				ALWAYS_SEARCH_USER_PATHS = NO;
				CLANG_ANALYZER_NONNULL = YES;
				CLANG_ANALYZER_NUMBER_OBJECT_CONVERSION = YES_AGGRESSIVE;
				CLANG_CXX_LANGUAGE_STANDARD = "gnu++14";
				CLANG_CXX_LIBRARY = "libc++";
				CLANG_ENABLE_MODULES = YES;
				CLANG_ENABLE_OBJC_ARC = YES;
				CLANG_ENABLE_OBJC_WEAK = YES;
				CLANG_WARN_BLOCK_CAPTURE_AUTORELEASING = YES;
				CLANG_WARN_BOOL_CONVERSION = YES;
				CLANG_WARN_COMMA = YES;
				CLANG_WARN_CONSTANT_CONVERSION = YES;
				CLANG_WARN_DEPRECATED_OBJC_IMPLEMENTATIONS = YES;
				CLANG_WARN_DIRECT_OBJC_ISA_USAGE = YES_ERROR;
				CLANG_WARN_DOCUMENTATION_COMMENTS = YES;
				CLANG_WARN_EMPTY_BODY = YES;
				CLANG_WARN_ENUM_CONVERSION = YES;
				CLANG_WARN_INFINITE_RECURSION = YES;
				CLANG_WARN_INT_CONVERSION = YES;
				CLANG_WARN_NON_LITERAL_NULL_CONVERSION = YES;
				CLANG_WARN_OBJC_IMPLICIT_RETAIN_SELF = YES;
				CLANG_WARN_OBJC_LITERAL_CONVERSION = YES;
				CLANG_WARN_OBJC_ROOT_CLASS = YES_ERROR;
				CLANG_WARN_RANGE_LOOP_ANALYSIS = YES;
				CLANG_WARN_STRICT_PROTOTYPES = YES;
				CLANG_WARN_SUSPICIOUS_MOVE = YES;
				CLANG_WARN_UNGUARDED_AVAILABILITY = YES_AGGRESSIVE;
				CLANG_WARN_UNREACHABLE_CODE = YES;
				CLANG_WARN__DUPLICATE_METHOD_MATCH = YES;
				COPY_PHASE_STRIP = NO;
				DEBUG_INFORMATION_FORMAT = "dwarf-with-dsym";
				ENABLE_NS_ASSERTIONS = NO;
				ENABLE_STRICT_OBJC_MSGSEND = YES;
				GCC_C_LANGUAGE_STANDARD = gnu11;
				GCC_NO_COMMON_BLOCKS = YES;
				GCC_WARN_64_TO_32_BIT_CONVERSION = YES;
				GCC_WARN_ABOUT_RETURN_TYPE = YES_ERROR;
				GCC_WARN_UNDECLARED_SELECTOR = YES;
				GCC_WARN_UNINITIALIZED_AUTOS = YES_AGGRESSIVE;
				GCC_WARN_UNUSED_FUNCTION = YES;
				GCC_WARN_UNUSED_VARIABLE = YES;
				IPHONEOS_DEPLOYMENT_TARGET = 13.1;
				MTL_ENABLE_DEBUG_INFO = NO;
				MTL_FAST_MATH = YES;
				SDKROOT = iphoneos;
				SWIFT_COMPILATION_MODE = wholemodule;
				SWIFT_OPTIMIZATION_LEVEL = "-O";
				VALIDATE_PRODUCT = YES;
			};
			name = Release;
		};
		26BB705A2370FCA00046E945 /* Debug */ = {
			isa = XCBuildConfiguration;
			buildSettings = {
				ASSETCATALOG_COMPILER_COMPLICATION_NAME = Complication;
				CODE_SIGN_STYLE = Automatic;
				INFOPLIST_FILE = "CoinFlip WatchKit Extension/Info.plist";
				LD_RUNPATH_SEARCH_PATHS = (
					"$(inherited)",
					"@executable_path/Frameworks",
					"@executable_path/../../Frameworks",
				);
				PRODUCT_BUNDLE_IDENTIFIER = com.login.CoinFlip.watchkitapp.watchkitextension;
				PRODUCT_NAME = "${TARGET_NAME}";
				SDKROOT = watchos;
				SKIP_INSTALL = YES;
				SWIFT_VERSION = 5.0;
				TARGETED_DEVICE_FAMILY = 4;
				WATCHOS_DEPLOYMENT_TARGET = 6.0;
			};
			name = Debug;
		};
		26BB705B2370FCA00046E945 /* Release */ = {
			isa = XCBuildConfiguration;
			buildSettings = {
				ASSETCATALOG_COMPILER_COMPLICATION_NAME = Complication;
				CODE_SIGN_STYLE = Automatic;
				INFOPLIST_FILE = "CoinFlip WatchKit Extension/Info.plist";
				LD_RUNPATH_SEARCH_PATHS = (
					"$(inherited)",
					"@executable_path/Frameworks",
					"@executable_path/../../Frameworks",
				);
				PRODUCT_BUNDLE_IDENTIFIER = com.login.CoinFlip.watchkitapp.watchkitextension;
				PRODUCT_NAME = "${TARGET_NAME}";
				SDKROOT = watchos;
				SKIP_INSTALL = YES;
				SWIFT_VERSION = 5.0;
				TARGETED_DEVICE_FAMILY = 4;
				WATCHOS_DEPLOYMENT_TARGET = 6.0;
			};
			name = Release;
		};
		26BB705E2370FCA00046E945 /* Debug */ = {
			isa = XCBuildConfiguration;
			buildSettings = {
				ALWAYS_EMBED_SWIFT_STANDARD_LIBRARIES = YES;
				ASSETCATALOG_COMPILER_APPICON_NAME = AppIcon;
				CODE_SIGN_STYLE = Automatic;
				IBSC_MODULE = CoinFlip_WatchKit_Extension;
				INFOPLIST_FILE = "CoinFlip WatchKit App/Info.plist";
				PRODUCT_BUNDLE_IDENTIFIER = com.login.CoinFlip.watchkitapp;
				PRODUCT_NAME = "$(TARGET_NAME)";
				SDKROOT = watchos;
				SKIP_INSTALL = YES;
				SWIFT_VERSION = 5.0;
				TARGETED_DEVICE_FAMILY = 4;
				WATCHOS_DEPLOYMENT_TARGET = 6.0;
			};
			name = Debug;
		};
		26BB705F2370FCA00046E945 /* Release */ = {
			isa = XCBuildConfiguration;
			buildSettings = {
				ALWAYS_EMBED_SWIFT_STANDARD_LIBRARIES = YES;
				ASSETCATALOG_COMPILER_APPICON_NAME = AppIcon;
				CODE_SIGN_STYLE = Automatic;
				IBSC_MODULE = CoinFlip_WatchKit_Extension;
				INFOPLIST_FILE = "CoinFlip WatchKit App/Info.plist";
				PRODUCT_BUNDLE_IDENTIFIER = com.login.CoinFlip.watchkitapp;
				PRODUCT_NAME = "$(TARGET_NAME)";
				SDKROOT = watchos;
				SKIP_INSTALL = YES;
				SWIFT_VERSION = 5.0;
				TARGETED_DEVICE_FAMILY = 4;
				WATCHOS_DEPLOYMENT_TARGET = 6.0;
			};
			name = Release;
		};
		26BB70622370FCA00046E945 /* Debug */ = {
			isa = XCBuildConfiguration;
			buildSettings = {
				ASSETCATALOG_COMPILER_APPICON_NAME = AppIcon;
				CODE_SIGN_STYLE = Automatic;
				INFOPLIST_FILE = CoinFlip/Info.plist;
				LD_RUNPATH_SEARCH_PATHS = (
					"$(inherited)",
					"@executable_path/Frameworks",
				);
				PRODUCT_BUNDLE_IDENTIFIER = com.login.CoinFlip;
				PRODUCT_NAME = "$(TARGET_NAME)";
				SWIFT_VERSION = 5.0;
				TARGETED_DEVICE_FAMILY = "1,2";
			};
			name = Debug;
		};
		26BB70632370FCA00046E945 /* Release */ = {
			isa = XCBuildConfiguration;
			buildSettings = {
				ASSETCATALOG_COMPILER_APPICON_NAME = AppIcon;
				CODE_SIGN_STYLE = Automatic;
				INFOPLIST_FILE = CoinFlip/Info.plist;
				LD_RUNPATH_SEARCH_PATHS = (
					"$(inherited)",
					"@executable_path/Frameworks",
				);
				PRODUCT_BUNDLE_IDENTIFIER = com.login.CoinFlip;
				PRODUCT_NAME = "$(TARGET_NAME)";
				SWIFT_VERSION = 5.0;
				TARGETED_DEVICE_FAMILY = "1,2";
			};
			name = Release;
		};
/* End XCBuildConfiguration section */

/* Begin XCConfigurationList section */
		26BB70202370FC9B0046E945 /* Build configuration list for PBXProject "CoinFlip" */ = {
			isa = XCConfigurationList;
			buildConfigurations = (
				26BB70572370FCA00046E945 /* Debug */,
				26BB70582370FCA00046E945 /* Release */,
			);
			defaultConfigurationIsVisible = 0;
			defaultConfigurationName = Release;
		};
		26BB70592370FCA00046E945 /* Build configuration list for PBXNativeTarget "CoinFlip WatchKit Extension" */ = {
			isa = XCConfigurationList;
			buildConfigurations = (
				26BB705A2370FCA00046E945 /* Debug */,
				26BB705B2370FCA00046E945 /* Release */,
			);
			defaultConfigurationIsVisible = 0;
			defaultConfigurationName = Release;
		};
		26BB705D2370FCA00046E945 /* Build configuration list for PBXNativeTarget "CoinFlip WatchKit App" */ = {
			isa = XCConfigurationList;
			buildConfigurations = (
				26BB705E2370FCA00046E945 /* Debug */,
				26BB705F2370FCA00046E945 /* Release */,
			);
			defaultConfigurationIsVisible = 0;
			defaultConfigurationName = Release;
		};
		26BB70612370FCA00046E945 /* Build configuration list for PBXNativeTarget "CoinFlip" */ = {
			isa = XCConfigurationList;
			buildConfigurations = (
				26BB70622370FCA00046E945 /* Debug */,
				26BB70632370FCA00046E945 /* Release */,
			);
			defaultConfigurationIsVisible = 0;
			defaultConfigurationName = Release;
		};
/* End XCConfigurationList section */
	};
	rootObject = 26BB701D2370FC9B0046E945 /* Project object */;
}
